Microsoft Visual Studio Solution File, Format Version 12.00
# Visual Studio Version 17
VisualStudioVersion = 17.5.2.0
MinimumVisualStudioVersion = 10.0.40219.1
Project("{2150E333-8FDC-42A3-9474-1A3956D46DE8}") = "api", "api", "{D82C56D6-B2CD-F611-9E31-04638F7EC30E}"
EndProject
Project("{2150E333-8FDC-42A3-9474-1A3956D46DE8}") = "ClassifyAging", "ClassifyAging", "{55DF111D-E603-6D38-2F15-13596A19D1A7}"
EndProject
Project("{FAE04EC0-301F-11D3-BF4B-00C04F79EFBC}") = "ClassifyAging.Api", "api\ClassifyAging.Api\ClassifyAging.Api.csproj", "{5DA2DBEE-DBAA-DA44-B3D2-95C09214E2E6}"
EndProject
Project("{2150E333-8FDC-42A3-9474-1A3956D46DE8}") = "api", "api", "{C3C69C27-98C5-586A-7D12-8FD2E63E9132}"
EndProject
Project("{FAE04EC0-301F-11D3-BF4B-00C04F79EFBC}") = "ClassifyAging.Api", "ClassifyAging\api\ClassifyAging.Api\ClassifyAging.Api.csproj", "{10E7085A-C168-D3B5-8959-68BFA1198312}"
EndProject
Global
	GlobalSection(SolutionConfigurationPlatforms) = preSolution
		Debug|Any CPU = Debug|Any CPU
		Release|Any CPU = Release|Any CPU
	EndGlobalSection
	GlobalSection(ProjectConfigurationPlatforms) = postSolution
		{5DA2DBEE-DBAA-DA44-B3D2-95C09214E2E6}.Debug|Any CPU.ActiveCfg = Debug|Any CPU
		{5DA2DBEE-DBAA-DA44-B3D2-95C09214E2E6}.Debug|Any CPU.Build.0 = Debug|Any CPU
		{5DA2DBEE-DBAA-DA44-B3D2-95C09214E2E6}.Release|Any CPU.ActiveCfg = Release|Any CPU
		{5DA2DBEE-DBAA-DA44-B3D2-95C09214E2E6}.Release|Any CPU.Build.0 = Release|Any CPU
		{10E7085A-C168-D3B5-8959-68BFA1198312}.Debug|Any CPU.ActiveCfg = Debug|Any CPU
		{10E7085A-C168-D3B5-8959-68BFA1198312}.Debug|Any CPU.Build.0 = Debug|Any CPU
		{10E7085A-C168-D3B5-8959-68BFA1198312}.Release|Any CPU.ActiveCfg = Release|Any CPU
		{10E7085A-C168-D3B5-8959-68BFA1198312}.Release|Any CPU.Build.0 = Release|Any CPU
	EndGlobalSection
	GlobalSection(SolutionProperties) = preSolution
		HideSolutionNode = FALSE
	EndGlobalSection
	GlobalSection(NestedProjects) = preSolution
		{5DA2DBEE-DBAA-DA44-B3D2-95C09214E2E6} = {D82C56D6-B2CD-F611-9E31-04638F7EC30E}
		{C3C69C27-98C5-586A-7D12-8FD2E63E9132} = {55DF111D-E603-6D38-2F15-13596A19D1A7}
		{10E7085A-C168-D3B5-8959-68BFA1198312} = {C3C69C27-98C5-586A-7D12-8FD2E63E9132}
	EndGlobalSection
	GlobalSection(ExtensibilityGlobals) = postSolution
		SolutionGuid = {3DF3659B-1649-4563-945D-DD25BA72A9D1}
	EndGlobalSection
EndGlobal
